
Microsoft Visual Studio Solution File, Format Version 12.00
# Visual Studio Version 17
VisualStudioVersion = 17.6.33723.286
MinimumVisualStudioVersion = 10.0.40219.1
Project("{2150E333-8FDC-42A3-9474-1A3956D46DE8}") = "Core", "Core", "{574B3F9C-6170-4136-A640-CF85848DEE39}"
EndProject
Project("{2150E333-8FDC-42A3-9474-1A3956D46DE8}") = "Persistence", "Persistence", "{2FC38D8D-1AD2-42AF-B965-C8BF849D4907}"
EndProject
Project("{2150E333-8FDC-42A3-9474-1A3956D46DE8}") = "Presentation", "Presentation", "{A42624EF-E505-4348-B2D7-A7AEC0691869}"
EndProject
Project("{2150E333-8FDC-42A3-9474-1A3956D46DE8}") = "Application", "Application", "{AA9B5813-CAB2-4147-9B77-B4C5DF89224E}"
EndProject
Project("{2150E333-8FDC-42A3-9474-1A3956D46DE8}") = "Domain", "Domain", "{D4166E28-A841-4E87-9BF3-FB616580D6A1}"
EndProject
Project("{2150E333-8FDC-42A3-9474-1A3956D46DE8}") = "Repository", "Repository", "{64C52DC3-2090-46F6-BB51-D70463A5819E}"
EndProject
Project("{2150E333-8FDC-42A3-9474-1A3956D46DE8}") = "WebApi", "WebApi", "{BDADE0DD-95E9-4159-A5B5-E673B09C9B9B}"
EndProject
Project("{2150E333-8FDC-42A3-9474-1A3956D46DE8}") = "Configuration", "Configuration", "{BF09F5F4-1946-477C-A371-7AA8C920F97B}"
EndProject
Project("{2150E333-8FDC-42A3-9474-1A3956D46DE8}") = "Contexts", "Contexts", "{13EAEB4C-781E-4130-AEB8-2E5F416D11A7}"
EndProject
Project("{2150E333-8FDC-42A3-9474-1A3956D46DE8}") = "Mappings", "Mappings", "{F6AE4542-B104-4C2F-AA88-D12F2C756035}"
EndProject
Project("{2150E333-8FDC-42A3-9474-1A3956D46DE8}") = "Repositories", "Repositories", "{04538627-D2EE-438F-87E9-E44AF9B87FE4}"
EndProject
Project("{2150E333-8FDC-42A3-9474-1A3956D46DE8}") = "AppServices", "AppServices", "{5D25BFBA-541E-473B-A415-65C66F5F2930}"
EndProject
Project("{2150E333-8FDC-42A3-9474-1A3956D46DE8}") = "Filters", "Filters", "{9B5F504F-4591-407B-B644-44A04408CFCB}"
EndProject
Project("{2150E333-8FDC-42A3-9474-1A3956D46DE8}") = "DTOs", "DTOs", "{D1AAEE27-E0AE-4A09-999B-4C0BA9D101E4}"
EndProject
Project("{2150E333-8FDC-42A3-9474-1A3956D46DE8}") = "Entities", "Entities", "{8D425907-1CF2-4067-A3C7-9F0575B89019}"
EndProject
Project("{2150E333-8FDC-42A3-9474-1A3956D46DE8}") = "Interfaces", "Interfaces", "{2C06EC7D-5E1B-450E-97FE-1CAD06F0308A}"
EndProject
Project("{2150E333-8FDC-42A3-9474-1A3956D46DE8}") = "Notifications", "Notifications", "{94B35F3F-09C1-4259-B644-9DCF645033A3}"
EndProject
Project("{2150E333-8FDC-42A3-9474-1A3956D46DE8}") = "Utils", "Utils", "{50F59D05-E78D-4701-B7A8-EC4017768633}"
EndProject
Project("{2150E333-8FDC-42A3-9474-1A3956D46DE8}") = "Request", "Request", "{4A879973-37E2-4DEA-8DF0-1F6FE1C33FF0}"
EndProject
Project("{2150E333-8FDC-42A3-9474-1A3956D46DE8}") = "Response", "Response", "{1E6433A0-F7D8-455A-9AFC-FE109FE6C100}"
EndProject
Project("{2150E333-8FDC-42A3-9474-1A3956D46DE8}") = "AppService", "AppService", "{C2664EEF-0C6B-456A-802A-5A885558278A}"
EndProject
Project("{2150E333-8FDC-42A3-9474-1A3956D46DE8}") = "Repository", "Repository", "{503834C1-FE1F-4896-AB1B-056347B9EB8B}"
EndProject
Global
	GlobalSection(SolutionProperties) = preSolution
		HideSolutionNode = FALSE
	EndGlobalSection
	GlobalSection(NestedProjects) = preSolution
		{AA9B5813-CAB2-4147-9B77-B4C5DF89224E} = {574B3F9C-6170-4136-A640-CF85848DEE39}
		{D4166E28-A841-4E87-9BF3-FB616580D6A1} = {574B3F9C-6170-4136-A640-CF85848DEE39}
		{64C52DC3-2090-46F6-BB51-D70463A5819E} = {2FC38D8D-1AD2-42AF-B965-C8BF849D4907}
		{BDADE0DD-95E9-4159-A5B5-E673B09C9B9B} = {A42624EF-E505-4348-B2D7-A7AEC0691869}
		{BF09F5F4-1946-477C-A371-7AA8C920F97B} = {BDADE0DD-95E9-4159-A5B5-E673B09C9B9B}
		{13EAEB4C-781E-4130-AEB8-2E5F416D11A7} = {64C52DC3-2090-46F6-BB51-D70463A5819E}
		{F6AE4542-B104-4C2F-AA88-D12F2C756035} = {64C52DC3-2090-46F6-BB51-D70463A5819E}
		{04538627-D2EE-438F-87E9-E44AF9B87FE4} = {64C52DC3-2090-46F6-BB51-D70463A5819E}
		{5D25BFBA-541E-473B-A415-65C66F5F2930} = {AA9B5813-CAB2-4147-9B77-B4C5DF89224E}
		{9B5F504F-4591-407B-B644-44A04408CFCB} = {AA9B5813-CAB2-4147-9B77-B4C5DF89224E}
		{D1AAEE27-E0AE-4A09-999B-4C0BA9D101E4} = {D4166E28-A841-4E87-9BF3-FB616580D6A1}
		{8D425907-1CF2-4067-A3C7-9F0575B89019} = {D4166E28-A841-4E87-9BF3-FB616580D6A1}
		{2C06EC7D-5E1B-450E-97FE-1CAD06F0308A} = {D4166E28-A841-4E87-9BF3-FB616580D6A1}
		{94B35F3F-09C1-4259-B644-9DCF645033A3} = {D4166E28-A841-4E87-9BF3-FB616580D6A1}
		{50F59D05-E78D-4701-B7A8-EC4017768633} = {D4166E28-A841-4E87-9BF3-FB616580D6A1}
		{4A879973-37E2-4DEA-8DF0-1F6FE1C33FF0} = {D1AAEE27-E0AE-4A09-999B-4C0BA9D101E4}
		{1E6433A0-F7D8-455A-9AFC-FE109FE6C100} = {D1AAEE27-E0AE-4A09-999B-4C0BA9D101E4}
		{C2664EEF-0C6B-456A-802A-5A885558278A} = {2C06EC7D-5E1B-450E-97FE-1CAD06F0308A}
		{503834C1-FE1F-4896-AB1B-056347B9EB8B} = {2C06EC7D-5E1B-450E-97FE-1CAD06F0308A}
	EndGlobalSection
	GlobalSection(ExtensibilityGlobals) = postSolution
		SolutionGuid = {6BA42E7B-877F-4502-A524-66C36B427653}
	EndGlobalSection
EndGlobal
