
Microsoft Visual Studio Solution File, Format Version 12.00
# Visual Studio Version 17
VisualStudioVersion = 17.6.33723.286
MinimumVisualStudioVersion = 10.0.40219.1
Project("{2150E333-8FDC-42A3-9474-1A3956D46DE8}") = "Core", "Core", "{574B3F9C-6170-4136-A640-CF85848DEE39}"
EndProject
Project("{2150E333-8FDC-42A3-9474-1A3956D46DE8}") = "Persistence", "Persistence", "{2FC38D8D-1AD2-42AF-B965-C8BF849D4907}"
EndProject
Project("{2150E333-8FDC-42A3-9474-1A3956D46DE8}") = "Presentation", "Presentation", "{A42624EF-E505-4348-B2D7-A7AEC0691869}"
EndProject
Project("{2150E333-8FDC-42A3-9474-1A3956D46DE8}") = "Application", "Application", "{AA9B5813-CAB2-4147-9B77-B4C5DF89224E}"
EndProject
Project("{2150E333-8FDC-42A3-9474-1A3956D46DE8}") = "Domain", "Domain", "{D4166E28-A841-4E87-9BF3-FB616580D6A1}"
EndProject
Project("{2150E333-8FDC-42A3-9474-1A3956D46DE8}") = "Repository", "Repository", "{64C52DC3-2090-46F6-BB51-D70463A5819E}"
EndProject
Project("{2150E333-8FDC-42A3-9474-1A3956D46DE8}") = "WebApi", "WebApi", "{BDADE0DD-95E9-4159-A5B5-E673B09C9B9B}"
EndProject
Global
	GlobalSection(SolutionProperties) = preSolution
		HideSolutionNode = FALSE
	EndGlobalSection
	GlobalSection(NestedProjects) = preSolution
		{AA9B5813-CAB2-4147-9B77-B4C5DF89224E} = {574B3F9C-6170-4136-A640-CF85848DEE39}
		{D4166E28-A841-4E87-9BF3-FB616580D6A1} = {574B3F9C-6170-4136-A640-CF85848DEE39}
		{64C52DC3-2090-46F6-BB51-D70463A5819E} = {2FC38D8D-1AD2-42AF-B965-C8BF849D4907}
		{BDADE0DD-95E9-4159-A5B5-E673B09C9B9B} = {A42624EF-E505-4348-B2D7-A7AEC0691869}
	EndGlobalSection
	GlobalSection(ExtensibilityGlobals) = postSolution
		SolutionGuid = {6BA42E7B-877F-4502-A524-66C36B427653}
	EndGlobalSection
EndGlobal
